# This file is generated by running "yarn install" inside your project.
# Manual changes might be lost - proceed with caution!

__metadata:
  version: 6
  cacheKey: 8

"@esbuild/aix-ppc64@npm:0.19.10":
  version: 0.19.10
  resolution: "@esbuild/aix-ppc64@npm:0.19.10"
  conditions: os=aix & cpu=ppc64
  languageName: node
  linkType: hard

"@esbuild/android-arm64@npm:0.19.10":
  version: 0.19.10
  resolution: "@esbuild/android-arm64@npm:0.19.10"
  conditions: os=android & cpu=arm64
  languageName: node
  linkType: hard

"@esbuild/android-arm@npm:0.19.10":
  version: 0.19.10
  resolution: "@esbuild/android-arm@npm:0.19.10"
  conditions: os=android & cpu=arm
  languageName: node
  linkType: hard

"@esbuild/android-x64@npm:0.19.10":
  version: 0.19.10
  resolution: "@esbuild/android-x64@npm:0.19.10"
  conditions: os=android & cpu=x64
  languageName: node
  linkType: hard

"@esbuild/darwin-arm64@npm:0.19.10":
  version: 0.19.10
  resolution: "@esbuild/darwin-arm64@npm:0.19.10"
  conditions: os=darwin & cpu=arm64
  languageName: node
  linkType: hard

"@esbuild/darwin-x64@npm:0.19.10":
  version: 0.19.10
  resolution: "@esbuild/darwin-x64@npm:0.19.10"
  conditions: os=darwin & cpu=x64
  languageName: node
  linkType: hard

"@esbuild/freebsd-arm64@npm:0.19.10":
  version: 0.19.10
  resolution: "@esbuild/freebsd-arm64@npm:0.19.10"
  conditions: os=freebsd & cpu=arm64
  languageName: node
  linkType: hard

"@esbuild/freebsd-x64@npm:0.19.10":
  version: 0.19.10
  resolution: "@esbuild/freebsd-x64@npm:0.19.10"
  conditions: os=freebsd & cpu=x64
  languageName: node
  linkType: hard

"@esbuild/linux-arm64@npm:0.19.10":
  version: 0.19.10
  resolution: "@esbuild/linux-arm64@npm:0.19.10"
  conditions: os=linux & cpu=arm64
  languageName: node
  linkType: hard

"@esbuild/linux-arm@npm:0.19.10":
  version: 0.19.10
  resolution: "@esbuild/linux-arm@npm:0.19.10"
  conditions: os=linux & cpu=arm
  languageName: node
  linkType: hard

"@esbuild/linux-ia32@npm:0.19.10":
  version: 0.19.10
  resolution: "@esbuild/linux-ia32@npm:0.19.10"
  conditions: os=linux & cpu=ia32
  languageName: node
  linkType: hard

"@esbuild/linux-loong64@npm:0.19.10":
  version: 0.19.10
  resolution: "@esbuild/linux-loong64@npm:0.19.10"
  conditions: os=linux & cpu=loong64
  languageName: node
  linkType: hard

"@esbuild/linux-mips64el@npm:0.19.10":
  version: 0.19.10
  resolution: "@esbuild/linux-mips64el@npm:0.19.10"
  conditions: os=linux & cpu=mips64el
  languageName: node
  linkType: hard

"@esbuild/linux-ppc64@npm:0.19.10":
  version: 0.19.10
  resolution: "@esbuild/linux-ppc64@npm:0.19.10"
  conditions: os=linux & cpu=ppc64
  languageName: node
  linkType: hard

"@esbuild/linux-riscv64@npm:0.19.10":
  version: 0.19.10
  resolution: "@esbuild/linux-riscv64@npm:0.19.10"
  conditions: os=linux & cpu=riscv64
  languageName: node
  linkType: hard

"@esbuild/linux-s390x@npm:0.19.10":
  version: 0.19.10
  resolution: "@esbuild/linux-s390x@npm:0.19.10"
  conditions: os=linux & cpu=s390x
  languageName: node
  linkType: hard

"@esbuild/linux-x64@npm:0.19.10":
  version: 0.19.10
  resolution: "@esbuild/linux-x64@npm:0.19.10"
  conditions: os=linux & cpu=x64
  languageName: node
  linkType: hard

"@esbuild/netbsd-x64@npm:0.19.10":
  version: 0.19.10
  resolution: "@esbuild/netbsd-x64@npm:0.19.10"
  conditions: os=netbsd & cpu=x64
  languageName: node
  linkType: hard

"@esbuild/openbsd-x64@npm:0.19.10":
  version: 0.19.10
  resolution: "@esbuild/openbsd-x64@npm:0.19.10"
  conditions: os=openbsd & cpu=x64
  languageName: node
  linkType: hard

"@esbuild/sunos-x64@npm:0.19.10":
  version: 0.19.10
  resolution: "@esbuild/sunos-x64@npm:0.19.10"
  conditions: os=sunos & cpu=x64
  languageName: node
  linkType: hard

"@esbuild/win32-arm64@npm:0.19.10":
  version: 0.19.10
  resolution: "@esbuild/win32-arm64@npm:0.19.10"
  conditions: os=win32 & cpu=arm64
  languageName: node
  linkType: hard

"@esbuild/win32-ia32@npm:0.19.10":
  version: 0.19.10
  resolution: "@esbuild/win32-ia32@npm:0.19.10"
  conditions: os=win32 & cpu=ia32
  languageName: node
  linkType: hard

"@esbuild/win32-x64@npm:0.19.10":
  version: 0.19.10
  resolution: "@esbuild/win32-x64@npm:0.19.10"
  conditions: os=win32 & cpu=x64
  languageName: node
  linkType: hard

"@they/example-authorizer-lambda@workspace:lambda-authorizer":
  version: 0.0.0-use.local
  resolution: "@they/example-authorizer-lambda@workspace:lambda-authorizer"
  dependencies:
    "@types/aws-lambda": 8.10.126
    "@types/node": 20.9.2
    typescript: 5.2.2
  languageName: unknown
  linkType: soft

"@they/example-bundle-lambda@workspace:lambda-bundle":
  version: 0.0.0-use.local
  resolution: "@they/example-bundle-lambda@workspace:lambda-bundle"
  dependencies:
    esbuild: ^0.19.6
    typescript: 5.2.2
  languageName: unknown
  linkType: soft

"@they/example-typescript-lambda@workspace:lambda-typescript":
  version: 0.0.0-use.local
  resolution: "@they/example-typescript-lambda@workspace:lambda-typescript"
  dependencies:
    typescript: 5.2.2
  languageName: unknown
  linkType: soft

"@they/examples@workspace:.":
  version: 0.0.0-use.local
  resolution: "@they/examples@workspace:."
  dependencies:
    prettier: ^3.1.0
  languageName: unknown
  linkType: soft

"@types/aws-lambda@npm:8.10.126":
  version: 8.10.126
  resolution: "@types/aws-lambda@npm:8.10.126"
  checksum: 185ca48fbe5e1effb817bf44d956b781196aebe7a6d421e0c131b839b8728d3d0c5a485f5b0280348a061e769fc5492f847fa7f47ebe12a1c1487c61f9b82f17
  languageName: node
  linkType: hard

"@types/node@npm:20.9.2":
  version: 20.9.2
  resolution: "@types/node@npm:20.9.2"
  dependencies:
    undici-types: ~5.26.4
  checksum: 5bbb8fb2248fc5c5c4071d9809fb9af85997677c07124d65665202b53283a3b7bdff26fb844e9ee407e3847dfce6399c2b01e3329ea44a4b720647b1b987c678
  languageName: node
  linkType: hard

"esbuild@npm:^0.19.6":
  version: 0.19.10
  resolution: "esbuild@npm:0.19.10"
  dependencies:
    "@esbuild/aix-ppc64": 0.19.10
    "@esbuild/android-arm": 0.19.10
    "@esbuild/android-arm64": 0.19.10
    "@esbuild/android-x64": 0.19.10
    "@esbuild/darwin-arm64": 0.19.10
    "@esbuild/darwin-x64": 0.19.10
    "@esbuild/freebsd-arm64": 0.19.10
    "@esbuild/freebsd-x64": 0.19.10
    "@esbuild/linux-arm": 0.19.10
    "@esbuild/linux-arm64": 0.19.10
    "@esbuild/linux-ia32": 0.19.10
    "@esbuild/linux-loong64": 0.19.10
    "@esbuild/linux-mips64el": 0.19.10
    "@esbuild/linux-ppc64": 0.19.10
    "@esbuild/linux-riscv64": 0.19.10
    "@esbuild/linux-s390x": 0.19.10
    "@esbuild/linux-x64": 0.19.10
    "@esbuild/netbsd-x64": 0.19.10
    "@esbuild/openbsd-x64": 0.19.10
    "@esbuild/sunos-x64": 0.19.10
    "@esbuild/win32-arm64": 0.19.10
    "@esbuild/win32-ia32": 0.19.10
    "@esbuild/win32-x64": 0.19.10
  dependenciesMeta:
    "@esbuild/aix-ppc64":
      optional: true
    "@esbuild/android-arm":
      optional: true
    "@esbuild/android-arm64":
      optional: true
    "@esbuild/android-x64":
      optional: true
    "@esbuild/darwin-arm64":
      optional: true
    "@esbuild/darwin-x64":
      optional: true
    "@esbuild/freebsd-arm64":
      optional: true
    "@esbuild/freebsd-x64":
      optional: true
    "@esbuild/linux-arm":
      optional: true
    "@esbuild/linux-arm64":
      optional: true
    "@esbuild/linux-ia32":
      optional: true
    "@esbuild/linux-loong64":
      optional: true
    "@esbuild/linux-mips64el":
      optional: true
    "@esbuild/linux-ppc64":
      optional: true
    "@esbuild/linux-riscv64":
      optional: true
    "@esbuild/linux-s390x":
      optional: true
    "@esbuild/linux-x64":
      optional: true
    "@esbuild/netbsd-x64":
      optional: true
    "@esbuild/openbsd-x64":
      optional: true
    "@esbuild/sunos-x64":
      optional: true
    "@esbuild/win32-arm64":
      optional: true
    "@esbuild/win32-ia32":
      optional: true
    "@esbuild/win32-x64":
      optional: true
  bin:
    esbuild: bin/esbuild
  checksum: b97f2f837c931e065839fe9adebba44b80aaa81c6b32dca4e1e77c068a0afb045d08a94d86abdacb29daef783ec092f0db688a31f3d463e2e42ac17e5a478265
  languageName: node
  linkType: hard

"prettier@npm:^3.1.0":
  version: 3.1.1
  resolution: "prettier@npm:3.1.1"
  bin:
    prettier: bin/prettier.cjs
  checksum: e386855e3a1af86a748e16953f168be555ce66d6233f4ba54eb6449b88eb0c6b2ca79441b11eae6d28a7f9a5c96440ce50864b9d5f6356d331d39d6bb66c648e
  languageName: node
  linkType: hard

"typescript@npm:5.2.2":
  version: 5.2.2
  resolution: "typescript@npm:5.2.2"
  bin:
    tsc: bin/tsc
    tsserver: bin/tsserver
  checksum: 7912821dac4d962d315c36800fe387cdc0a6298dba7ec171b350b4a6e988b51d7b8f051317786db1094bd7431d526b648aba7da8236607febb26cf5b871d2d3c
  languageName: node
  linkType: hard

"typescript@patch:typescript@5.2.2#~builtin<compat/typescript>":
  version: 5.2.2
  resolution: "typescript@patch:typescript@npm%3A5.2.2#~builtin<compat/typescript>::version=5.2.2&hash=f3b441"
  bin:
    tsc: bin/tsc
    tsserver: bin/tsserver
  checksum: 0f4da2f15e6f1245e49db15801dbee52f2bbfb267e1c39225afdab5afee1a72839cd86000e65ee9d7e4dfaff12239d28beaf5ee431357fcced15fb08583d72ca
  languageName: node
  linkType: hard

"undici-types@npm:~5.26.4":
  version: 5.26.5
  resolution: "undici-types@npm:5.26.5"
  checksum: 3192ef6f3fd5df652f2dc1cd782b49d6ff14dc98e5dced492aa8a8c65425227da5da6aafe22523c67f035a272c599bb89cfe803c1db6311e44bed3042fc25487
  languageName: node
  linkType: hard
