# This file is generated by running "yarn install" inside your project.
# Manual changes might be lost - proceed with caution!

__metadata:
  version: 6
  cacheKey: 8

"@azure/abort-controller@npm:^2.0.0, @azure/abort-controller@npm:^2.1.2":
  version: 2.1.2
  resolution: "@azure/abort-controller@npm:2.1.2"
  dependencies:
    tslib: ^2.6.2
  checksum: 22176c04ea01498311c6bbd336669f6e3faffad1cbb0c9ebc6ee9c1ff2cf958fd17ce73c7354b99d8bda9fcd311325ece7bee248875279174e3fc460e8b1a63d
  languageName: node
  linkType: hard

"@azure/core-auth@npm:^1.10.0, @azure/core-auth@npm:^1.9.0":
  version: 1.10.1
  resolution: "@azure/core-auth@npm:1.10.1"
  dependencies:
    "@azure/abort-controller": ^2.1.2
    "@azure/core-util": ^1.13.0
    tslib: ^2.6.2
  checksum: 230c1766d4cb3ac7beac45db65bd5e493e1530f6f1d51dc0fd3537f8144e5c9acfed94700fd28c7aee67bab7502e23a1588adc6aa76f918f08fe40b3b007e2a3
  languageName: node
  linkType: hard

"@azure/core-client@npm:^1.9.2":
  version: 1.10.1
  resolution: "@azure/core-client@npm:1.10.1"
  dependencies:
    "@azure/abort-controller": ^2.1.2
    "@azure/core-auth": ^1.10.0
    "@azure/core-rest-pipeline": ^1.22.0
    "@azure/core-tracing": ^1.3.0
    "@azure/core-util": ^1.13.0
    "@azure/logger": ^1.3.0
    tslib: ^2.6.2
  checksum: b1312966ec52dd4c48798bbdffbbd2faf18bc3eea65967a011cc2e4c0988e1135ecb937f91f13927585101941ee3f065f47db609155f2d337edbbad54a8d33b0
  languageName: node
  linkType: hard

"@azure/core-rest-pipeline@npm:^1.17.0, @azure/core-rest-pipeline@npm:^1.22.0":
  version: 1.22.1
  resolution: "@azure/core-rest-pipeline@npm:1.22.1"
  dependencies:
    "@azure/abort-controller": ^2.1.2
    "@azure/core-auth": ^1.10.0
    "@azure/core-tracing": ^1.3.0
    "@azure/core-util": ^1.13.0
    "@azure/logger": ^1.3.0
    "@typespec/ts-http-runtime": ^0.3.0
    tslib: ^2.6.2
  checksum: c1563aaa30bdc012fc11d20bda99538cc90e77059ee7bf9b045aaf2ba188b4d2af0852e3cada652735e3adca5927a72b46073f60ec41d2012b55e3ebe521d47b
  languageName: node
  linkType: hard

"@azure/core-tracing@npm:^1.0.0, @azure/core-tracing@npm:^1.3.0":
  version: 1.3.1
  resolution: "@azure/core-tracing@npm:1.3.1"
  dependencies:
    tslib: ^2.6.2
  checksum: 549d19af4b9459847947384a38d12566b85f5ffb44ef4e2391d3372865b8e3cc73d7d1738b4652ebca32e498a2e32f4993f0cd2db1a1f938b581f18e686348bb
  languageName: node
  linkType: hard

"@azure/core-util@npm:^1.11.0, @azure/core-util@npm:^1.13.0":
  version: 1.13.1
  resolution: "@azure/core-util@npm:1.13.1"
  dependencies:
    "@azure/abort-controller": ^2.1.2
    "@typespec/ts-http-runtime": ^0.3.0
    tslib: ^2.6.2
  checksum: c005e59109757bf0fe4ec099f8454c128fde5947e94dc19a7e709de32908f8c75571ac1e565227ef22a80ad0a0d44b69d0b21ed7b86c922b6dc21d6a21599b12
  languageName: node
  linkType: hard

"@azure/functions@npm:4.7.0":
  version: 4.7.0
  resolution: "@azure/functions@npm:4.7.0"
  dependencies:
    cookie: ^0.7.0
    long: ^4.0.0
    undici: ^5.13.0
  checksum: 93493ed37cf7a34d8337d60fdb933237c3c6779d1dd5cb4dece390ae3429ec36aefde4021e8189e7b9eccd22837498fc2cc5522ff90b3aa3c513139b59fdb2ea
  languageName: node
  linkType: hard

"@azure/identity@npm:^4.0.0":
  version: 4.13.0
  resolution: "@azure/identity@npm:4.13.0"
  dependencies:
    "@azure/abort-controller": ^2.0.0
    "@azure/core-auth": ^1.9.0
    "@azure/core-client": ^1.9.2
    "@azure/core-rest-pipeline": ^1.17.0
    "@azure/core-tracing": ^1.0.0
    "@azure/core-util": ^1.11.0
    "@azure/logger": ^1.0.0
    "@azure/msal-browser": ^4.2.0
    "@azure/msal-node": ^3.5.0
    open: ^10.1.0
    tslib: ^2.2.0
  checksum: c07e609919bcbb84f6212076420ea4c1907cb09e9b8cbba5e69b99d2aae3cc8d883ceafd3edd3088c60fa887e810de5b23acd658df44501579b635a792ce673b
  languageName: node
  linkType: hard

"@azure/logger@npm:^1.0.0, @azure/logger@npm:^1.3.0":
  version: 1.3.0
  resolution: "@azure/logger@npm:1.3.0"
  dependencies:
    "@typespec/ts-http-runtime": ^0.3.0
    tslib: ^2.6.2
  checksum: 2089429ef3eadc6d4d10c5e12f1cf6580587ac0eed5c7107fc621c56927fc162e150e57668e98092d4ba0dc10c6425ee61971dea67e80022fb3906e9c4efc3a6
  languageName: node
  linkType: hard

"@azure/msal-browser@npm:^4.2.0":
  version: 4.25.0
  resolution: "@azure/msal-browser@npm:4.25.0"
  dependencies:
    "@azure/msal-common": 15.13.0
  checksum: a61836edaa7ba71ed6cf4631a9a351fc46664518b8695c4006ae818ea3172088ae4ce2b5aa6865f43f4b58c6c7a59cdd826d34396537deb959cac9926eee38df
  languageName: node
  linkType: hard

"@azure/msal-common@npm:15.13.0":
  version: 15.13.0
  resolution: "@azure/msal-common@npm:15.13.0"
  checksum: a2acfba4d77105bd80e4c566ac3234e7b5d5f0e0aeecfe78351712521ebf749e1f19b9b7c9e2a71f67ddc9a72579330199315d2cd97dac8fb144f95a4bbe99c6
  languageName: node
  linkType: hard

"@azure/msal-node@npm:^3.5.0":
  version: 3.8.0
  resolution: "@azure/msal-node@npm:3.8.0"
  dependencies:
    "@azure/msal-common": 15.13.0
    jsonwebtoken: ^9.0.0
    uuid: ^8.3.0
  checksum: 4efe65e2443d9d54ee9422ec427050ce68e3f8fa1633c1c2a5b09eeae7abe029feb11668b61a78da5f41447944fb7a2428832a1d3bcb5d4f87123f8d3bb5eef3
  languageName: node
  linkType: hard

"@cspotcode/source-map-support@npm:^0.8.0":
  version: 0.8.1
  resolution: "@cspotcode/source-map-support@npm:0.8.1"
  dependencies:
    "@jridgewell/trace-mapping": 0.3.9
  checksum: 5718f267085ed8edb3e7ef210137241775e607ee18b77d95aa5bd7514f47f5019aa2d82d96b3bf342ef7aa890a346fa1044532ff7cc3009e7d24fce3ce6200fa
  languageName: node
  linkType: hard

"@esbuild/aix-ppc64@npm:0.25.11":
  version: 0.25.11
  resolution: "@esbuild/aix-ppc64@npm:0.25.11"
  conditions: os=aix & cpu=ppc64
  languageName: node
  linkType: hard

"@esbuild/android-arm64@npm:0.25.11":
  version: 0.25.11
  resolution: "@esbuild/android-arm64@npm:0.25.11"
  conditions: os=android & cpu=arm64
  languageName: node
  linkType: hard

"@esbuild/android-arm@npm:0.25.11":
  version: 0.25.11
  resolution: "@esbuild/android-arm@npm:0.25.11"
  conditions: os=android & cpu=arm
  languageName: node
  linkType: hard

"@esbuild/android-x64@npm:0.25.11":
  version: 0.25.11
  resolution: "@esbuild/android-x64@npm:0.25.11"
  conditions: os=android & cpu=x64
  languageName: node
  linkType: hard

"@esbuild/darwin-arm64@npm:0.25.11":
  version: 0.25.11
  resolution: "@esbuild/darwin-arm64@npm:0.25.11"
  conditions: os=darwin & cpu=arm64
  languageName: node
  linkType: hard

"@esbuild/darwin-x64@npm:0.25.11":
  version: 0.25.11
  resolution: "@esbuild/darwin-x64@npm:0.25.11"
  conditions: os=darwin & cpu=x64
  languageName: node
  linkType: hard

"@esbuild/freebsd-arm64@npm:0.25.11":
  version: 0.25.11
  resolution: "@esbuild/freebsd-arm64@npm:0.25.11"
  conditions: os=freebsd & cpu=arm64
  languageName: node
  linkType: hard

"@esbuild/freebsd-x64@npm:0.25.11":
  version: 0.25.11
  resolution: "@esbuild/freebsd-x64@npm:0.25.11"
  conditions: os=freebsd & cpu=x64
  languageName: node
  linkType: hard

"@esbuild/linux-arm64@npm:0.25.11":
  version: 0.25.11
  resolution: "@esbuild/linux-arm64@npm:0.25.11"
  conditions: os=linux & cpu=arm64
  languageName: node
  linkType: hard

"@esbuild/linux-arm@npm:0.25.11":
  version: 0.25.11
  resolution: "@esbuild/linux-arm@npm:0.25.11"
  conditions: os=linux & cpu=arm
  languageName: node
  linkType: hard

"@esbuild/linux-ia32@npm:0.25.11":
  version: 0.25.11
  resolution: "@esbuild/linux-ia32@npm:0.25.11"
  conditions: os=linux & cpu=ia32
  languageName: node
  linkType: hard

"@esbuild/linux-loong64@npm:0.25.11":
  version: 0.25.11
  resolution: "@esbuild/linux-loong64@npm:0.25.11"
  conditions: os=linux & cpu=loong64
  languageName: node
  linkType: hard

"@esbuild/linux-mips64el@npm:0.25.11":
  version: 0.25.11
  resolution: "@esbuild/linux-mips64el@npm:0.25.11"
  conditions: os=linux & cpu=mips64el
  languageName: node
  linkType: hard

"@esbuild/linux-ppc64@npm:0.25.11":
  version: 0.25.11
  resolution: "@esbuild/linux-ppc64@npm:0.25.11"
  conditions: os=linux & cpu=ppc64
  languageName: node
  linkType: hard

"@esbuild/linux-riscv64@npm:0.25.11":
  version: 0.25.11
  resolution: "@esbuild/linux-riscv64@npm:0.25.11"
  conditions: os=linux & cpu=riscv64
  languageName: node
  linkType: hard

"@esbuild/linux-s390x@npm:0.25.11":
  version: 0.25.11
  resolution: "@esbuild/linux-s390x@npm:0.25.11"
  conditions: os=linux & cpu=s390x
  languageName: node
  linkType: hard

"@esbuild/linux-x64@npm:0.25.11":
  version: 0.25.11
  resolution: "@esbuild/linux-x64@npm:0.25.11"
  conditions: os=linux & cpu=x64
  languageName: node
  linkType: hard

"@esbuild/netbsd-arm64@npm:0.25.11":
  version: 0.25.11
  resolution: "@esbuild/netbsd-arm64@npm:0.25.11"
  conditions: os=netbsd & cpu=arm64
  languageName: node
  linkType: hard

"@esbuild/netbsd-x64@npm:0.25.11":
  version: 0.25.11
  resolution: "@esbuild/netbsd-x64@npm:0.25.11"
  conditions: os=netbsd & cpu=x64
  languageName: node
  linkType: hard

"@esbuild/openbsd-arm64@npm:0.25.11":
  version: 0.25.11
  resolution: "@esbuild/openbsd-arm64@npm:0.25.11"
  conditions: os=openbsd & cpu=arm64
  languageName: node
  linkType: hard

"@esbuild/openbsd-x64@npm:0.25.11":
  version: 0.25.11
  resolution: "@esbuild/openbsd-x64@npm:0.25.11"
  conditions: os=openbsd & cpu=x64
  languageName: node
  linkType: hard

"@esbuild/openharmony-arm64@npm:0.25.11":
  version: 0.25.11
  resolution: "@esbuild/openharmony-arm64@npm:0.25.11"
  conditions: os=openharmony & cpu=arm64
  languageName: node
  linkType: hard

"@esbuild/sunos-x64@npm:0.25.11":
  version: 0.25.11
  resolution: "@esbuild/sunos-x64@npm:0.25.11"
  conditions: os=sunos & cpu=x64
  languageName: node
  linkType: hard

"@esbuild/win32-arm64@npm:0.25.11":
  version: 0.25.11
  resolution: "@esbuild/win32-arm64@npm:0.25.11"
  conditions: os=win32 & cpu=arm64
  languageName: node
  linkType: hard

"@esbuild/win32-ia32@npm:0.25.11":
  version: 0.25.11
  resolution: "@esbuild/win32-ia32@npm:0.25.11"
  conditions: os=win32 & cpu=ia32
  languageName: node
  linkType: hard

"@esbuild/win32-x64@npm:0.25.11":
  version: 0.25.11
  resolution: "@esbuild/win32-x64@npm:0.25.11"
  conditions: os=win32 & cpu=x64
  languageName: node
  linkType: hard

"@fastify/busboy@npm:^2.0.0":
  version: 2.1.1
  resolution: "@fastify/busboy@npm:2.1.1"
  checksum: 42c32ef75e906c9a4809c1e1930a5ca6d4ddc8d138e1a8c8ba5ea07f997db32210617d23b2e4a85fe376316a41a1a0439fc6ff2dedf5126d96f45a9d80754fb2
  languageName: node
  linkType: hard

"@jridgewell/resolve-uri@npm:^3.0.3":
  version: 3.1.2
  resolution: "@jridgewell/resolve-uri@npm:3.1.2"
  checksum: 83b85f72c59d1c080b4cbec0fef84528963a1b5db34e4370fa4bd1e3ff64a0d80e0cee7369d11d73c704e0286fb2865b530acac7a871088fbe92b5edf1000870
  languageName: node
  linkType: hard

"@jridgewell/sourcemap-codec@npm:^1.4.10":
  version: 1.5.5
  resolution: "@jridgewell/sourcemap-codec@npm:1.5.5"
  checksum: c2e36e67971f719a8a3a85ef5a5f580622437cc723c35d03ebd0c9c0b06418700ef006f58af742791f71f6a4fc68fcfaf1f6a74ec2f9a3332860e9373459dae7
  languageName: node
  linkType: hard

"@jridgewell/trace-mapping@npm:0.3.9":
  version: 0.3.9
  resolution: "@jridgewell/trace-mapping@npm:0.3.9"
  dependencies:
    "@jridgewell/resolve-uri": ^3.0.3
    "@jridgewell/sourcemap-codec": ^1.4.10
  checksum: d89597752fd88d3f3480845691a05a44bd21faac18e2185b6f436c3b0fd0c5a859fbbd9aaa92050c4052caf325ad3e10e2e1d1b64327517471b7d51babc0ddef
  languageName: node
  linkType: hard

"@they/container-apps-job-trigger@workspace:.":
  version: 0.0.0-use.local
  resolution: "@they/container-apps-job-trigger@workspace:."
  dependencies:
    "@azure/functions": 4.7.0
    "@azure/identity": ^4.0.0
    "@types/node": ^20
    esbuild: ^0.25.6
    ts-node: ^10.9.2
    typescript: ^5.8
  languageName: unknown
  linkType: soft

"@tsconfig/node10@npm:^1.0.7":
  version: 1.0.11
  resolution: "@tsconfig/node10@npm:1.0.11"
  checksum: 51fe47d55fe1b80ec35e6e5ed30a13665fd3a531945350aa74a14a1e82875fb60b350c2f2a5e72a64831b1b6bc02acb6760c30b3738b54954ec2dea82db7a267
  languageName: node
  linkType: hard

"@tsconfig/node12@npm:^1.0.7":
  version: 1.0.11
  resolution: "@tsconfig/node12@npm:1.0.11"
  checksum: 5ce29a41b13e7897a58b8e2df11269c5395999e588b9a467386f99d1d26f6c77d1af2719e407621412520ea30517d718d5192a32403b8dfcc163bf33e40a338a
  languageName: node
  linkType: hard

"@tsconfig/node14@npm:^1.0.0":
  version: 1.0.3
  resolution: "@tsconfig/node14@npm:1.0.3"
  checksum: 19275fe80c4c8d0ad0abed6a96dbf00642e88b220b090418609c4376e1cef81bf16237bf170ad1b341452feddb8115d8dd2e5acdfdea1b27422071163dc9ba9d
  languageName: node
  linkType: hard

"@tsconfig/node16@npm:^1.0.2":
  version: 1.0.4
  resolution: "@tsconfig/node16@npm:1.0.4"
  checksum: 202319785901f942a6e1e476b872d421baec20cf09f4b266a1854060efbf78cde16a4d256e8bc949d31e6cd9a90f1e8ef8fb06af96a65e98338a2b6b0de0a0ff
  languageName: node
  linkType: hard

"@types/node@npm:^20":
  version: 20.19.21
  resolution: "@types/node@npm:20.19.21"
  dependencies:
    undici-types: ~6.21.0
  checksum: 79eeb55b109a54e212d963870d0a9184bbc1b6ed07a26a52d9aa87c15f594648d3832876b37635e5fb5c6206acd9240209394579d4e6ec0870d1b78cfa4c13d2
  languageName: node
  linkType: hard

"@typespec/ts-http-runtime@npm:^0.3.0":
  version: 0.3.1
  resolution: "@typespec/ts-http-runtime@npm:0.3.1"
  dependencies:
    http-proxy-agent: ^7.0.0
    https-proxy-agent: ^7.0.0
    tslib: ^2.6.2
  checksum: 78f3692eb0de5f1ba83f7ccd2bf5b22f219c6cfd3c244b29e18528e688e917b51bf560b855ebd383c8c6af6622d1ba28b68af5eb4eafb19532cbb10445fee7d6
  languageName: node
  linkType: hard

"acorn-walk@npm:^8.1.1":
  version: 8.3.4
  resolution: "acorn-walk@npm:8.3.4"
  dependencies:
    acorn: ^8.11.0
  checksum: 4ff03f42323e7cf90f1683e08606b0f460e1e6ac263d2730e3df91c7665b6f64e696db6ea27ee4bed18c2599569be61f28a8399fa170c611161a348c402ca19c
  languageName: node
  linkType: hard

"acorn@npm:^8.11.0, acorn@npm:^8.4.1":
  version: 8.15.0
  resolution: "acorn@npm:8.15.0"
  bin:
    acorn: bin/acorn
  checksum: 309c6b49aedf1a2e34aaf266de06de04aab6eb097c02375c66fdeb0f64556a6a823540409914fb364d9a11bc30d79d485a2eba29af47992d3490e9886c4391c3
  languageName: node
  linkType: hard

"agent-base@npm:^7.1.0, agent-base@npm:^7.1.2":
  version: 7.1.4
  resolution: "agent-base@npm:7.1.4"
  checksum: 86a7f542af277cfbd77dd61e7df8422f90bac512953709003a1c530171a9d019d072e2400eab2b59f84b49ab9dd237be44315ca663ac73e82b3922d10ea5eafa
  languageName: node
  linkType: hard

"arg@npm:^4.1.0":
  version: 4.1.3
  resolution: "arg@npm:4.1.3"
  checksum: 544af8dd3f60546d3e4aff084d451b96961d2267d668670199692f8d054f0415d86fc5497d0e641e91546f0aa920e7c29e5250e99fc89f5552a34b5d93b77f43
  languageName: node
  linkType: hard

"buffer-equal-constant-time@npm:^1.0.1":
  version: 1.0.1
  resolution: "buffer-equal-constant-time@npm:1.0.1"
  checksum: 80bb945f5d782a56f374b292770901065bad21420e34936ecbe949e57724b4a13874f735850dd1cc61f078773c4fb5493a41391e7bda40d1fa388d6bd80daaab
  languageName: node
  linkType: hard

"bundle-name@npm:^4.1.0":
  version: 4.1.0
  resolution: "bundle-name@npm:4.1.0"
  dependencies:
    run-applescript: ^7.0.0
  checksum: 1d966c8d2dbf4d9d394e53b724ac756c2414c45c01340b37743621f59cc565a435024b394ddcb62b9b335d1c9a31f4640eb648c3fec7f97ee74dc0694c9beb6c
  languageName: node
  linkType: hard

"cookie@npm:^0.7.0":
  version: 0.7.2
  resolution: "cookie@npm:0.7.2"
  checksum: 9bf8555e33530affd571ea37b615ccad9b9a34febbf2c950c86787088eb00a8973690833b0f8ebd6b69b753c62669ea60cec89178c1fb007bf0749abed74f93e
  languageName: node
  linkType: hard

"create-require@npm:^1.1.0":
  version: 1.1.1
  resolution: "create-require@npm:1.1.1"
  checksum: a9a1503d4390d8b59ad86f4607de7870b39cad43d929813599a23714831e81c520bddf61bcdd1f8e30f05fd3a2b71ae8538e946eb2786dc65c2bbc520f692eff
  languageName: node
  linkType: hard

"debug@npm:4, debug@npm:^4.3.4":
  version: 4.4.3
  resolution: "debug@npm:4.4.3"
  dependencies:
    ms: ^2.1.3
  peerDependenciesMeta:
    supports-color:
      optional: true
  checksum: 4805abd570e601acdca85b6aa3757186084a45cff9b2fa6eee1f3b173caa776b45f478b2a71a572d616d2010cea9211d0ac4a02a610e4c18ac4324bde3760834
  languageName: node
  linkType: hard

"default-browser-id@npm:^5.0.0":
  version: 5.0.0
  resolution: "default-browser-id@npm:5.0.0"
  checksum: 185bfaecec2c75fa423544af722a3469b20704c8d1942794a86e4364fe7d9e8e9f63241a5b769d61c8151993bc65833a5b959026fa1ccea343b3db0a33aa6deb
  languageName: node
  linkType: hard

"default-browser@npm:^5.2.1":
  version: 5.2.1
  resolution: "default-browser@npm:5.2.1"
  dependencies:
    bundle-name: ^4.1.0
    default-browser-id: ^5.0.0
  checksum: afab7eff7b7f5f7a94d9114d1ec67273d3fbc539edf8c0f80019879d53aa71e867303c6f6d7cffeb10a6f3cfb59d4f963dba3f9c96830b4540cc7339a1bf9840
  languageName: node
  linkType: hard

"define-lazy-prop@npm:^3.0.0":
  version: 3.0.0
  resolution: "define-lazy-prop@npm:3.0.0"
  checksum: 54884f94caac0791bf6395a3ec530ce901cf71c47b0196b8754f3fd17edb6c0e80149c1214429d851873bb0d689dbe08dcedbb2306dc45c8534a5934723851b6
  languageName: node
  linkType: hard

"diff@npm:^4.0.1":
  version: 4.0.2
  resolution: "diff@npm:4.0.2"
  checksum: f2c09b0ce4e6b301c221addd83bf3f454c0bc00caa3dd837cf6c127d6edf7223aa2bbe3b688feea110b7f262adbfc845b757c44c8a9f8c0c5b15d8fa9ce9d20d
  languageName: node
  linkType: hard

"ecdsa-sig-formatter@npm:1.0.11":
  version: 1.0.11
  resolution: "ecdsa-sig-formatter@npm:1.0.11"
  dependencies:
    safe-buffer: ^5.0.1
  checksum: 207f9ab1c2669b8e65540bce29506134613dd5f122cccf1e6a560f4d63f2732d427d938f8481df175505aad94583bcb32c688737bb39a6df0625f903d6d93c03
  languageName: node
  linkType: hard

"esbuild@npm:^0.25.6":
  version: 0.25.11
  resolution: "esbuild@npm:0.25.11"
  dependencies:
    "@esbuild/aix-ppc64": 0.25.11
    "@esbuild/android-arm": 0.25.11
    "@esbuild/android-arm64": 0.25.11
    "@esbuild/android-x64": 0.25.11
    "@esbuild/darwin-arm64": 0.25.11
    "@esbuild/darwin-x64": 0.25.11
    "@esbuild/freebsd-arm64": 0.25.11
    "@esbuild/freebsd-x64": 0.25.11
    "@esbuild/linux-arm": 0.25.11
    "@esbuild/linux-arm64": 0.25.11
    "@esbuild/linux-ia32": 0.25.11
    "@esbuild/linux-loong64": 0.25.11
    "@esbuild/linux-mips64el": 0.25.11
    "@esbuild/linux-ppc64": 0.25.11
    "@esbuild/linux-riscv64": 0.25.11
    "@esbuild/linux-s390x": 0.25.11
    "@esbuild/linux-x64": 0.25.11
    "@esbuild/netbsd-arm64": 0.25.11
    "@esbuild/netbsd-x64": 0.25.11
    "@esbuild/openbsd-arm64": 0.25.11
    "@esbuild/openbsd-x64": 0.25.11
    "@esbuild/openharmony-arm64": 0.25.11
    "@esbuild/sunos-x64": 0.25.11
    "@esbuild/win32-arm64": 0.25.11
    "@esbuild/win32-ia32": 0.25.11
    "@esbuild/win32-x64": 0.25.11
  dependenciesMeta:
    "@esbuild/aix-ppc64":
      optional: true
    "@esbuild/android-arm":
      optional: true
    "@esbuild/android-arm64":
      optional: true
    "@esbuild/android-x64":
      optional: true
    "@esbuild/darwin-arm64":
      optional: true
    "@esbuild/darwin-x64":
      optional: true
    "@esbuild/freebsd-arm64":
      optional: true
    "@esbuild/freebsd-x64":
      optional: true
    "@esbuild/linux-arm":
      optional: true
    "@esbuild/linux-arm64":
      optional: true
    "@esbuild/linux-ia32":
      optional: true
    "@esbuild/linux-loong64":
      optional: true
    "@esbuild/linux-mips64el":
      optional: true
    "@esbuild/linux-ppc64":
      optional: true
    "@esbuild/linux-riscv64":
      optional: true
    "@esbuild/linux-s390x":
      optional: true
    "@esbuild/linux-x64":
      optional: true
    "@esbuild/netbsd-arm64":
      optional: true
    "@esbuild/netbsd-x64":
      optional: true
    "@esbuild/openbsd-arm64":
      optional: true
    "@esbuild/openbsd-x64":
      optional: true
    "@esbuild/openharmony-arm64":
      optional: true
    "@esbuild/sunos-x64":
      optional: true
    "@esbuild/win32-arm64":
      optional: true
    "@esbuild/win32-ia32":
      optional: true
    "@esbuild/win32-x64":
      optional: true
  bin:
    esbuild: bin/esbuild
  checksum: 397a46d021a0e36246f986c0e4b0b199b48b9106754d7b8e809efa7ca43122726ebeb62a6f90201e97b4b98ba3fc60f5cf33fd167bdab4a7d16a7a016a674522
  languageName: node
  linkType: hard

"http-proxy-agent@npm:^7.0.0":
  version: 7.0.2
  resolution: "http-proxy-agent@npm:7.0.2"
  dependencies:
    agent-base: ^7.1.0
    debug: ^4.3.4
  checksum: 670858c8f8f3146db5889e1fa117630910101db601fff7d5a8aa637da0abedf68c899f03d3451cac2f83bcc4c3d2dabf339b3aa00ff8080571cceb02c3ce02f3
  languageName: node
  linkType: hard

"https-proxy-agent@npm:^7.0.0":
  version: 7.0.6
  resolution: "https-proxy-agent@npm:7.0.6"
  dependencies:
    agent-base: ^7.1.2
    debug: 4
  checksum: b882377a120aa0544846172e5db021fa8afbf83fea2a897d397bd2ddd8095ab268c24bc462f40a15f2a8c600bf4aa05ce52927f70038d4014e68aefecfa94e8d
  languageName: node
  linkType: hard

"is-docker@npm:^3.0.0":
  version: 3.0.0
  resolution: "is-docker@npm:3.0.0"
  bin:
    is-docker: cli.js
  checksum: b698118f04feb7eaf3338922bd79cba064ea54a1c3db6ec8c0c8d8ee7613e7e5854d802d3ef646812a8a3ace81182a085dfa0a71cc68b06f3fa794b9783b3c90
  languageName: node
  linkType: hard

"is-inside-container@npm:^1.0.0":
  version: 1.0.0
  resolution: "is-inside-container@npm:1.0.0"
  dependencies:
    is-docker: ^3.0.0
  bin:
    is-inside-container: cli.js
  checksum: c50b75a2ab66ab3e8b92b3bc534e1ea72ca25766832c0623ac22d134116a98bcf012197d1caabe1d1c4bd5f84363d4aa5c36bb4b585fbcaf57be172cd10a1a03
  languageName: node
  linkType: hard

"is-wsl@npm:^3.1.0":
  version: 3.1.0
  resolution: "is-wsl@npm:3.1.0"
  dependencies:
    is-inside-container: ^1.0.0
  checksum: f9734c81f2f9cf9877c5db8356bfe1ff61680f1f4c1011e91278a9c0564b395ae796addb4bf33956871041476ec82c3e5260ed57b22ac91794d4ae70a1d2f0a9
  languageName: node
  linkType: hard

"jsonwebtoken@npm:^9.0.0":
  version: 9.0.2
  resolution: "jsonwebtoken@npm:9.0.2"
  dependencies:
    jws: ^3.2.2
    lodash.includes: ^4.3.0
    lodash.isboolean: ^3.0.3
    lodash.isinteger: ^4.0.4
    lodash.isnumber: ^3.0.3
    lodash.isplainobject: ^4.0.6
    lodash.isstring: ^4.0.1
    lodash.once: ^4.0.0
    ms: ^2.1.1
    semver: ^7.5.4
  checksum: fc739a6a8b33f1974f9772dca7f8493ca8df4cc31c5a09dcfdb7cff77447dcf22f4236fb2774ef3fe50df0abeb8e1c6f4c41eba82f500a804ab101e2fbc9d61a
  languageName: node
  linkType: hard

"jwa@npm:^1.4.2":
  version: 1.4.2
  resolution: "jwa@npm:1.4.2"
  dependencies:
    buffer-equal-constant-time: ^1.0.1
    ecdsa-sig-formatter: 1.0.11
    safe-buffer: ^5.0.1
  checksum: fd1a6de6c649a4b16f0775439ac9173e4bc9aa0162c7f3836699af47736ae000fafe89f232a2345170de6c14021029cb94b488f7882c6caf61e6afef5fce6494
  languageName: node
  linkType: hard

"jws@npm:^3.2.2":
  version: 3.2.3
  resolution: "jws@npm:3.2.3"
  dependencies:
    jwa: ^1.4.2
    safe-buffer: ^5.0.1
  checksum: 58f88f1898899e47e9eb0fe61e6347268a498ef75a3d6563158cca855fe0c628138c9c42964d60a4daad8a955696c69fbae5c3e66da8e0f0138bdd7a140cbb27
  languageName: node
  linkType: hard

"lodash.includes@npm:^4.3.0":
  version: 4.3.0
  resolution: "lodash.includes@npm:4.3.0"
  checksum: 71092c130515a67ab3bd928f57f6018434797c94def7f46aafa417771e455ce3a4834889f4267b17887d7f75297dfabd96231bf704fd2b8c5096dc4a913568b6
  languageName: node
  linkType: hard

"lodash.isboolean@npm:^3.0.3":
  version: 3.0.3
  resolution: "lodash.isboolean@npm:3.0.3"
  checksum: b70068b4a8b8837912b54052557b21fc4774174e3512ed3c5b94621e5aff5eb6c68089d0a386b7e801d679cd105d2e35417978a5e99071750aa2ed90bffd0250
  languageName: node
  linkType: hard

"lodash.isinteger@npm:^4.0.4":
  version: 4.0.4
  resolution: "lodash.isinteger@npm:4.0.4"
  checksum: 6034821b3fc61a2ffc34e7d5644bb50c5fd8f1c0121c554c21ac271911ee0c0502274852845005f8651d51e199ee2e0cfebfe40aaa49c7fe617f603a8a0b1691
  languageName: node
  linkType: hard

"lodash.isnumber@npm:^3.0.3":
  version: 3.0.3
  resolution: "lodash.isnumber@npm:3.0.3"
  checksum: 913784275b565346255e6ae6a6e30b760a0da70abc29f3e1f409081585875105138cda4a429ff02577e1bc0a7ae2a90e0a3079a37f3a04c3d6c5aaa532f4cab2
  languageName: node
  linkType: hard

"lodash.isplainobject@npm:^4.0.6":
  version: 4.0.6
  resolution: "lodash.isplainobject@npm:4.0.6"
  checksum: 29c6351f281e0d9a1d58f1a4c8f4400924b4c79f18dfc4613624d7d54784df07efaff97c1ff2659f3e085ecf4fff493300adc4837553104cef2634110b0d5337
  languageName: node
  linkType: hard

"lodash.isstring@npm:^4.0.1":
  version: 4.0.1
  resolution: "lodash.isstring@npm:4.0.1"
  checksum: eaac87ae9636848af08021083d796e2eea3d02e80082ab8a9955309569cb3a463ce97fd281d7dc119e402b2e7d8c54a23914b15d2fc7fff56461511dc8937ba0
  languageName: node
  linkType: hard

"lodash.once@npm:^4.0.0":
  version: 4.1.1
  resolution: "lodash.once@npm:4.1.1"
  checksum: d768fa9f9b4e1dc6453be99b753906f58990e0c45e7b2ca5a3b40a33111e5d17f6edf2f768786e2716af90a8e78f8f91431ab8435f761fef00f9b0c256f6d245
  languageName: node
  linkType: hard

"long@npm:^4.0.0":
  version: 4.0.0
  resolution: "long@npm:4.0.0"
  checksum: 16afbe8f749c7c849db1f4de4e2e6a31ac6e617cead3bdc4f9605cb703cd20e1e9fc1a7baba674ffcca57d660a6e5b53a9e236d7b25a295d3855cca79cc06744
  languageName: node
  linkType: hard

"make-error@npm:^1.1.1":
  version: 1.3.6
  resolution: "make-error@npm:1.3.6"
  checksum: b86e5e0e25f7f777b77fabd8e2cbf15737972869d852a22b7e73c17623928fccb826d8e46b9951501d3f20e51ad74ba8c59ed584f610526a48f8ccf88aaec402
  languageName: node
  linkType: hard

"ms@npm:^2.1.1, ms@npm:^2.1.3":
  version: 2.1.3
  resolution: "ms@npm:2.1.3"
  checksum: aa92de608021b242401676e35cfa5aa42dd70cbdc082b916da7fb925c542173e36bce97ea3e804923fe92c0ad991434e4a38327e15a1b5b5f945d66df615ae6d
  languageName: node
  linkType: hard

"open@npm:^10.1.0":
  version: 10.2.0
  resolution: "open@npm:10.2.0"
  dependencies:
    default-browser: ^5.2.1
    define-lazy-prop: ^3.0.0
    is-inside-container: ^1.0.0
    wsl-utils: ^0.1.0
  checksum: 64e2e1fb1dc5ab82af06c990467237b8fd349b1b9ecc6324d12df337a005d039cec11f758abea148be68878ccd616977005682c48ef3c5c7ba48bd3e5d6a3dbb
  languageName: node
  linkType: hard

"run-applescript@npm:^7.0.0":
  version: 7.1.0
  resolution: "run-applescript@npm:7.1.0"
  checksum: 8659fb5f2717b2b37a68cbfe5f678254cf24b5a82a6df3372b180c80c7c137dcd757a4166c3887e459f59a090ca414e8ea7ca97cf3ee5123db54b3b4006d7b7a
  languageName: node
  linkType: hard

"safe-buffer@npm:^5.0.1":
  version: 5.2.1
  resolution: "safe-buffer@npm:5.2.1"
  checksum: b99c4b41fdd67a6aaf280fcd05e9ffb0813654894223afb78a31f14a19ad220bba8aba1cb14eddce1fcfb037155fe6de4e861784eb434f7d11ed58d1e70dd491
  languageName: node
  linkType: hard

"semver@npm:^7.5.4":
  version: 7.7.3
  resolution: "semver@npm:7.7.3"
  bin:
    semver: bin/semver.js
  checksum: f013a3ee4607857bcd3503b6ac1d80165f7f8ea94f5d55e2d3e33df82fce487aa3313b987abf9b39e0793c83c9fc67b76c36c067625141a9f6f704ae0ea18db2
  languageName: node
  linkType: hard

"ts-node@npm:^10.9.2":
  version: 10.9.2
  resolution: "ts-node@npm:10.9.2"
  dependencies:
    "@cspotcode/source-map-support": ^0.8.0
    "@tsconfig/node10": ^1.0.7
    "@tsconfig/node12": ^1.0.7
    "@tsconfig/node14": ^1.0.0
    "@tsconfig/node16": ^1.0.2
    acorn: ^8.4.1
    acorn-walk: ^8.1.1
    arg: ^4.1.0
    create-require: ^1.1.0
    diff: ^4.0.1
    make-error: ^1.1.1
    v8-compile-cache-lib: ^3.0.1
    yn: 3.1.1
  peerDependencies:
    "@swc/core": ">=1.2.50"
    "@swc/wasm": ">=1.2.50"
    "@types/node": "*"
    typescript: ">=2.7"
  peerDependenciesMeta:
    "@swc/core":
      optional: true
    "@swc/wasm":
      optional: true
  bin:
    ts-node: dist/bin.js
    ts-node-cwd: dist/bin-cwd.js
    ts-node-esm: dist/bin-esm.js
    ts-node-script: dist/bin-script.js
    ts-node-transpile-only: dist/bin-transpile.js
    ts-script: dist/bin-script-deprecated.js
  checksum: fde256c9073969e234526e2cfead42591b9a2aec5222bac154b0de2fa9e4ceb30efcd717ee8bc785a56f3a119bdd5aa27b333d9dbec94ed254bd26f8944c67ac
  languageName: node
  linkType: hard

"tslib@npm:^2.2.0, tslib@npm:^2.6.2":
  version: 2.8.1
  resolution: "tslib@npm:2.8.1"
  checksum: e4aba30e632b8c8902b47587fd13345e2827fa639e7c3121074d5ee0880723282411a8838f830b55100cbe4517672f84a2472667d355b81e8af165a55dc6203a
  languageName: node
  linkType: hard

"typescript@npm:^5.8":
  version: 5.9.3
  resolution: "typescript@npm:5.9.3"
  bin:
    tsc: bin/tsc
    tsserver: bin/tsserver
  checksum: 0d0ffb84f2cd072c3e164c79a2e5a1a1f4f168e84cb2882ff8967b92afe1def6c2a91f6838fb58b168428f9458c57a2ba06a6737711fdd87a256bbe83e9a217f
  languageName: node
  linkType: hard

"typescript@patch:typescript@^5.8#~builtin<compat/typescript>":
  version: 5.9.3
  resolution: "typescript@patch:typescript@npm%3A5.9.3#~builtin<compat/typescript>::version=5.9.3&hash=77c9e2"
  bin:
    tsc: bin/tsc
    tsserver: bin/tsserver
  checksum: 8bb8d86819ac86a498eada254cad7fb69c5f74778506c700c2a712daeaff21d3a6f51fd0d534fe16903cb010d1b74f89437a3d02d4d0ff5ca2ba9a4660de8497
  languageName: node
  linkType: hard

"undici-types@npm:~6.21.0":
  version: 6.21.0
  resolution: "undici-types@npm:6.21.0"
  checksum: 46331c7d6016bf85b3e8f20c159d62f5ae471aba1eb3dc52fff35a0259d58dcc7d592d4cc4f00c5f9243fa738a11cfa48bd20203040d4a9e6bc25e807fab7ab3
  languageName: node
  linkType: hard

"undici@npm:^5.13.0":
  version: 5.29.0
  resolution: "undici@npm:5.29.0"
  dependencies:
    "@fastify/busboy": ^2.0.0
  checksum: a25b5462c1b6ffb974f5ffc492ffd64146a9983aad0cbda6fde65e2b22f6f1acd43f09beacc66cc47624a113bd0c684ffc60366102b6a21b038fbfafb7d75195
  languageName: node
  linkType: hard

"uuid@npm:^8.3.0":
  version: 8.3.2
  resolution: "uuid@npm:8.3.2"
  bin:
    uuid: dist/bin/uuid
  checksum: 5575a8a75c13120e2f10e6ddc801b2c7ed7d8f3c8ac22c7ed0c7b2ba6383ec0abda88c905085d630e251719e0777045ae3236f04c812184b7c765f63a70e58df
  languageName: node
  linkType: hard

"v8-compile-cache-lib@npm:^3.0.1":
  version: 3.0.1
  resolution: "v8-compile-cache-lib@npm:3.0.1"
  checksum: 78089ad549e21bcdbfca10c08850022b22024cdcc2da9b168bcf5a73a6ed7bf01a9cebb9eac28e03cd23a684d81e0502797e88f3ccd27a32aeab1cfc44c39da0
  languageName: node
  linkType: hard

"wsl-utils@npm:^0.1.0":
  version: 0.1.0
  resolution: "wsl-utils@npm:0.1.0"
  dependencies:
    is-wsl: ^3.1.0
  checksum: de4c92187e04c3c27b4478f410a02e81c351dc85efa3447bf1666f34fc80baacd890a6698ec91995631714086992036013286aea3d77e6974020d40a08e00aec
  languageName: node
  linkType: hard

"yn@npm:3.1.1":
  version: 3.1.1
  resolution: "yn@npm:3.1.1"
  checksum: 2c487b0e149e746ef48cda9f8bad10fc83693cd69d7f9dcd8be4214e985de33a29c9e24f3c0d6bcf2288427040a8947406ab27f7af67ee9456e6b84854f02dd6
  languageName: node
  linkType: hard
